// !$*UTF8*$!
{
	archiveVersion = 1;
	classes = {
	};
	objectVersion = 48;
	objects = {

/* Begin PBXBuildFile section */
		263EA2362D036C1984126464 /* Pods_CommuteRecorderUITests.framework in Frameworks */ = {isa = PBXBuildFile; fileRef = 4FBD14784E041FABBBE0D22F /* Pods_CommuteRecorderUITests.framework */; };
		4F198C662019DA230092234C /* GoogleService-Info.plist in Resources */ = {isa = PBXBuildFile; fileRef = 4F198C652019DA230092234C /* GoogleService-Info.plist */; };
		4F490ED2200DECDB0035C86E /* AppDelegate.swift in Sources */ = {isa = PBXBuildFile; fileRef = 4F490ED1200DECDB0035C86E /* AppDelegate.swift */; };
		4F490ED4200DECDB0035C86E /* ViewController.swift in Sources */ = {isa = PBXBuildFile; fileRef = 4F490ED3200DECDB0035C86E /* ViewController.swift */; };
		4F490ED7200DECDB0035C86E /* Main.storyboard in Resources */ = {isa = PBXBuildFile; fileRef = 4F490ED5200DECDB0035C86E /* Main.storyboard */; };
		4F490ED9200DECDB0035C86E /* Assets.xcassets in Resources */ = {isa = PBXBuildFile; fileRef = 4F490ED8200DECDB0035C86E /* Assets.xcassets */; };
		4F490EDC200DECDB0035C86E /* LaunchScreen.storyboard in Resources */ = {isa = PBXBuildFile; fileRef = 4F490EDA200DECDB0035C86E /* LaunchScreen.storyboard */; };
		4F490EE7200DECDB0035C86E /* CommuteRecorderTests.swift in Sources */ = {isa = PBXBuildFile; fileRef = 4F490EE6200DECDB0035C86E /* CommuteRecorderTests.swift */; };
		4F490EF2200DECDB0035C86E /* CommuteRecorderUITests.swift in Sources */ = {isa = PBXBuildFile; fileRef = 4F490EF1200DECDB0035C86E /* CommuteRecorderUITests.swift */; };
		4FA540502016E3CB00B5A289 /* WorkingDataManage.swift in Sources */ = {isa = PBXBuildFile; fileRef = 4FA5404F2016E3CB00B5A289 /* WorkingDataManage.swift */; };
		4FA540522016E65000B5A289 /* Util.swift in Sources */ = {isa = PBXBuildFile; fileRef = 4FA540512016E65000B5A289 /* Util.swift */; };
		4FC47F19200F37E300522036 /* CircularSlider.framework in Frameworks */ = {isa = PBXBuildFile; fileRef = 4FC47F1A200F37E300522036 /* CircularSlider.framework */; };
		4FC92C8F20118E070099B786 /* NotificationCenter.framework in Frameworks */ = {isa = PBXBuildFile; fileRef = 4FC92C8E20118E070099B786 /* NotificationCenter.framework */; };
		4FC92C9220118E070099B786 /* TodayViewController.swift in Sources */ = {isa = PBXBuildFile; fileRef = 4FC92C9120118E070099B786 /* TodayViewController.swift */; };
		4FC92C9520118E070099B786 /* MainInterface.storyboard in Resources */ = {isa = PBXBuildFile; fileRef = 4FC92C9320118E070099B786 /* MainInterface.storyboard */; };
		4FC92C9920118E070099B786 /* todayWidget.appex in Embed App Extensions */ = {isa = PBXBuildFile; fileRef = 4FC92C8D20118E070099B786 /* todayWidget.appex */; settings = {ATTRIBUTES = (RemoveHeadersOnCopy, ); }; };
		4FD9D1E62019D1E2002B2282 /* Fabric.framework in Frameworks */ = {isa = PBXBuildFile; fileRef = 4FD9D1E42019D1E1002B2282 /* Fabric.framework */; };
		4FD9D1E72019D1E2002B2282 /* Crashlytics.framework in Frameworks */ = {isa = PBXBuildFile; fileRef = 4FD9D1E52019D1E2002B2282 /* Crashlytics.framework */; };
		5FB2102501CE7AD4B2F0F2E2 /* Pods_CommuteRecorder.framework in Frameworks */ = {isa = PBXBuildFile; fileRef = 8245B2770023151B142B15DF /* Pods_CommuteRecorder.framework */; };
		9F7A23980DF2227446780416 /* Pods_CommuteRecorderTests.framework in Frameworks */ = {isa = PBXBuildFile; fileRef = E14AF65B246FD2EA4CE736EE /* Pods_CommuteRecorderTests.framework */; };
		B426B4952016384E004DA277 /* WorkingTimeCheckViewController.swift in Sources */ = {isa = PBXBuildFile; fileRef = B426B4932016384E004DA277 /* WorkingTimeCheckViewController.swift */; };
		B426B4962016384E004DA277 /* WorkingTimeCheckViewController.xib in Resources */ = {isa = PBXBuildFile; fileRef = B426B4942016384E004DA277 /* WorkingTimeCheckViewController.xib */; };
/* End PBXBuildFile section */

/* Begin PBXContainerItemProxy section */
		4F490EE3200DECDB0035C86E /* PBXContainerItemProxy */ = {
			isa = PBXContainerItemProxy;
			containerPortal = 4F490EC6200DECDB0035C86E /* Project object */;
			proxyType = 1;
			remoteGlobalIDString = 4F490ECD200DECDB0035C86E;
			remoteInfo = CommuteRecorder;
		};
		4F490EEE200DECDB0035C86E /* PBXContainerItemProxy */ = {
			isa = PBXContainerItemProxy;
			containerPortal = 4F490EC6200DECDB0035C86E /* Project object */;
			proxyType = 1;
			remoteGlobalIDString = 4F490ECD200DECDB0035C86E;
			remoteInfo = CommuteRecorder;
		};
		4FC92C9720118E070099B786 /* PBXContainerItemProxy */ = {
			isa = PBXContainerItemProxy;
			containerPortal = 4F490EC6200DECDB0035C86E /* Project object */;
			proxyType = 1;
			remoteGlobalIDString = 4FC92C8C20118E070099B786;
			remoteInfo = todayWidget;
		};
/* End PBXContainerItemProxy section */

/* Begin PBXCopyFilesBuildPhase section */
		4FC92C9D20118E070099B786 /* Embed App Extensions */ = {
			isa = PBXCopyFilesBuildPhase;
			buildActionMask = 2147483647;
			dstPath = "";
			dstSubfolderSpec = 13;
			files = (
				4FC92C9920118E070099B786 /* todayWidget.appex in Embed App Extensions */,
			);
			name = "Embed App Extensions";
			runOnlyForDeploymentPostprocessing = 0;
		};
/* End PBXCopyFilesBuildPhase section */

/* Begin PBXFileReference section */
		3243FE2E269F859812CE440C /* Pods-CommuteRecorderTests.debug.xcconfig */ = {isa = PBXFileReference; includeInIndex = 1; lastKnownFileType = text.xcconfig; name = "Pods-CommuteRecorderTests.debug.xcconfig"; path = "Pods/Target Support Files/Pods-CommuteRecorderTests/Pods-CommuteRecorderTests.debug.xcconfig"; sourceTree = "<group>"; };
		4F198C652019DA230092234C /* GoogleService-Info.plist */ = {isa = PBXFileReference; fileEncoding = 4; lastKnownFileType = text.plist.xml; path = "GoogleService-Info.plist"; sourceTree = "<group>"; };
		4F490ECE200DECDB0035C86E /* CommuteRecorder.app */ = {isa = PBXFileReference; explicitFileType = wrapper.application; includeInIndex = 0; path = CommuteRecorder.app; sourceTree = BUILT_PRODUCTS_DIR; };
		4F490ED1200DECDB0035C86E /* AppDelegate.swift */ = {isa = PBXFileReference; lastKnownFileType = sourcecode.swift; path = AppDelegate.swift; sourceTree = "<group>"; };
		4F490ED3200DECDB0035C86E /* ViewController.swift */ = {isa = PBXFileReference; lastKnownFileType = sourcecode.swift; path = ViewController.swift; sourceTree = "<group>"; };
		4F490ED6200DECDB0035C86E /* Base */ = {isa = PBXFileReference; lastKnownFileType = file.storyboard; name = Base; path = Base.lproj/Main.storyboard; sourceTree = "<group>"; };
		4F490ED8200DECDB0035C86E /* Assets.xcassets */ = {isa = PBXFileReference; lastKnownFileType = folder.assetcatalog; path = Assets.xcassets; sourceTree = "<group>"; };
		4F490EDB200DECDB0035C86E /* Base */ = {isa = PBXFileReference; lastKnownFileType = file.storyboard; name = Base; path = Base.lproj/LaunchScreen.storyboard; sourceTree = "<group>"; };
		4F490EDD200DECDB0035C86E /* Info.plist */ = {isa = PBXFileReference; lastKnownFileType = text.plist.xml; path = Info.plist; sourceTree = "<group>"; };
		4F490EE2200DECDB0035C86E /* CommuteRecorderTests.xctest */ = {isa = PBXFileReference; explicitFileType = wrapper.cfbundle; includeInIndex = 0; path = CommuteRecorderTests.xctest; sourceTree = BUILT_PRODUCTS_DIR; };
		4F490EE6200DECDB0035C86E /* CommuteRecorderTests.swift */ = {isa = PBXFileReference; lastKnownFileType = sourcecode.swift; path = CommuteRecorderTests.swift; sourceTree = "<group>"; };
		4F490EE8200DECDB0035C86E /* Info.plist */ = {isa = PBXFileReference; lastKnownFileType = text.plist.xml; path = Info.plist; sourceTree = "<group>"; };
		4F490EED200DECDB0035C86E /* CommuteRecorderUITests.xctest */ = {isa = PBXFileReference; explicitFileType = wrapper.cfbundle; includeInIndex = 0; path = CommuteRecorderUITests.xctest; sourceTree = BUILT_PRODUCTS_DIR; };
		4F490EF1200DECDB0035C86E /* CommuteRecorderUITests.swift */ = {isa = PBXFileReference; lastKnownFileType = sourcecode.swift; path = CommuteRecorderUITests.swift; sourceTree = "<group>"; };
		4F490EF3200DECDB0035C86E /* Info.plist */ = {isa = PBXFileReference; lastKnownFileType = text.plist.xml; path = Info.plist; sourceTree = "<group>"; };
		4FA5404F2016E3CB00B5A289 /* WorkingDataManage.swift */ = {isa = PBXFileReference; lastKnownFileType = sourcecode.swift; path = WorkingDataManage.swift; sourceTree = "<group>"; };
		4FA540512016E65000B5A289 /* Util.swift */ = {isa = PBXFileReference; lastKnownFileType = sourcecode.swift; path = Util.swift; sourceTree = "<group>"; };
		4FBD14784E041FABBBE0D22F /* Pods_CommuteRecorderUITests.framework */ = {isa = PBXFileReference; explicitFileType = wrapper.framework; includeInIndex = 0; path = Pods_CommuteRecorderUITests.framework; sourceTree = BUILT_PRODUCTS_DIR; };
		4FC47F1A200F37E300522036 /* CircularSlider.framework */ = {isa = PBXFileReference; explicitFileType = wrapper.framework; path = CircularSlider.framework; sourceTree = BUILT_PRODUCTS_DIR; };
		4FC47F1D200F39E800522036 /* Realm.framework */ = {isa = PBXFileReference; explicitFileType = wrapper.framework; path = Realm.framework; sourceTree = BUILT_PRODUCTS_DIR; };
		4FC47F1E200F39E800522036 /* RealmSwift.framework */ = {isa = PBXFileReference; explicitFileType = wrapper.framework; path = RealmSwift.framework; sourceTree = BUILT_PRODUCTS_DIR; };
		4FC92C8D20118E070099B786 /* todayWidget.appex */ = {isa = PBXFileReference; explicitFileType = "wrapper.app-extension"; includeInIndex = 0; path = todayWidget.appex; sourceTree = BUILT_PRODUCTS_DIR; };
		4FC92C8E20118E070099B786 /* NotificationCenter.framework */ = {isa = PBXFileReference; lastKnownFileType = wrapper.framework; name = NotificationCenter.framework; path = System/Library/Frameworks/NotificationCenter.framework; sourceTree = SDKROOT; };
		4FC92C9120118E070099B786 /* TodayViewController.swift */ = {isa = PBXFileReference; lastKnownFileType = sourcecode.swift; path = TodayViewController.swift; sourceTree = "<group>"; };
		4FC92C9420118E070099B786 /* Base */ = {isa = PBXFileReference; lastKnownFileType = file.storyboard; name = Base; path = Base.lproj/MainInterface.storyboard; sourceTree = "<group>"; };
		4FC92C9620118E070099B786 /* Info.plist */ = {isa = PBXFileReference; lastKnownFileType = text.plist.xml; path = Info.plist; sourceTree = "<group>"; };
		4FD9D1E42019D1E1002B2282 /* Fabric.framework */ = {isa = PBXFileReference; lastKnownFileType = wrapper.framework; path = Fabric.framework; sourceTree = "<group>"; };
		4FD9D1E52019D1E2002B2282 /* Crashlytics.framework */ = {isa = PBXFileReference; lastKnownFileType = wrapper.framework; path = Crashlytics.framework; sourceTree = "<group>"; };
		4FF114CE2011B26F006AEF0F /* CommuteRecorder.entitlements */ = {isa = PBXFileReference; lastKnownFileType = text.plist.entitlements; path = CommuteRecorder.entitlements; sourceTree = "<group>"; };
		4FF114CF2011B2AD006AEF0F /* todayWidget.entitlements */ = {isa = PBXFileReference; lastKnownFileType = text.plist.entitlements; path = todayWidget.entitlements; sourceTree = "<group>"; };
		57B13017978B7199AAFD27AE /* Pods-CommuteRecorderUITests.debug.xcconfig */ = {isa = PBXFileReference; includeInIndex = 1; lastKnownFileType = text.xcconfig; name = "Pods-CommuteRecorderUITests.debug.xcconfig"; path = "Pods/Target Support Files/Pods-CommuteRecorderUITests/Pods-CommuteRecorderUITests.debug.xcconfig"; sourceTree = "<group>"; };
		60D9229B19B8EE6CE25D5FEA /* Pods-CommuteRecorderTests.release.xcconfig */ = {isa = PBXFileReference; includeInIndex = 1; lastKnownFileType = text.xcconfig; name = "Pods-CommuteRecorderTests.release.xcconfig"; path = "Pods/Target Support Files/Pods-CommuteRecorderTests/Pods-CommuteRecorderTests.release.xcconfig"; sourceTree = "<group>"; };
		630F113DD14B722D4F6E7DB4 /* Pods-CommuteRecorderUITests.release.xcconfig */ = {isa = PBXFileReference; includeInIndex = 1; lastKnownFileType = text.xcconfig; name = "Pods-CommuteRecorderUITests.release.xcconfig"; path = "Pods/Target Support Files/Pods-CommuteRecorderUITests/Pods-CommuteRecorderUITests.release.xcconfig"; sourceTree = "<group>"; };
		8245B2770023151B142B15DF /* Pods_CommuteRecorder.framework */ = {isa = PBXFileReference; explicitFileType = wrapper.framework; includeInIndex = 0; path = Pods_CommuteRecorder.framework; sourceTree = BUILT_PRODUCTS_DIR; };
		ADD94856099D33FC1A4A216E /* Pods-CommuteRecorder.release.xcconfig */ = {isa = PBXFileReference; includeInIndex = 1; lastKnownFileType = text.xcconfig; name = "Pods-CommuteRecorder.release.xcconfig"; path = "Pods/Target Support Files/Pods-CommuteRecorder/Pods-CommuteRecorder.release.xcconfig"; sourceTree = "<group>"; };
		B426B4932016384E004DA277 /* WorkingTimeCheckViewController.swift */ = {isa = PBXFileReference; lastKnownFileType = sourcecode.swift; path = WorkingTimeCheckViewController.swift; sourceTree = "<group>"; };
		B426B4942016384E004DA277 /* WorkingTimeCheckViewController.xib */ = {isa = PBXFileReference; lastKnownFileType = file.xib; path = WorkingTimeCheckViewController.xib; sourceTree = "<group>"; };
		D8AF6436780AB77E756B03BF /* Pods-CommuteRecorder.debug.xcconfig */ = {isa = PBXFileReference; includeInIndex = 1; lastKnownFileType = text.xcconfig; name = "Pods-CommuteRecorder.debug.xcconfig"; path = "Pods/Target Support Files/Pods-CommuteRecorder/Pods-CommuteRecorder.debug.xcconfig"; sourceTree = "<group>"; };
		E14AF65B246FD2EA4CE736EE /* Pods_CommuteRecorderTests.framework */ = {isa = PBXFileReference; explicitFileType = wrapper.framework; includeInIndex = 0; path = Pods_CommuteRecorderTests.framework; sourceTree = BUILT_PRODUCTS_DIR; };
/* End PBXFileReference section */

/* Begin PBXFrameworksBuildPhase section */
		4F490ECB200DECDB0035C86E /* Frameworks */ = {
			isa = PBXFrameworksBuildPhase;
			buildActionMask = 2147483647;
			files = (
				4FC47F19200F37E300522036 /* CircularSlider.framework in Frameworks */,
				5FB2102501CE7AD4B2F0F2E2 /* Pods_CommuteRecorder.framework in Frameworks */,
				4FD9D1E72019D1E2002B2282 /* Crashlytics.framework in Frameworks */,
				4FD9D1E62019D1E2002B2282 /* Fabric.framework in Frameworks */,
			);
			runOnlyForDeploymentPostprocessing = 0;
		};
		4F490EDF200DECDB0035C86E /* Frameworks */ = {
			isa = PBXFrameworksBuildPhase;
			buildActionMask = 2147483647;
			files = (
				9F7A23980DF2227446780416 /* Pods_CommuteRecorderTests.framework in Frameworks */,
			);
			runOnlyForDeploymentPostprocessing = 0;
		};
		4F490EEA200DECDB0035C86E /* Frameworks */ = {
			isa = PBXFrameworksBuildPhase;
			buildActionMask = 2147483647;
			files = (
				263EA2362D036C1984126464 /* Pods_CommuteRecorderUITests.framework in Frameworks */,
			);
			runOnlyForDeploymentPostprocessing = 0;
		};
		4FC92C8A20118E070099B786 /* Frameworks */ = {
			isa = PBXFrameworksBuildPhase;
			buildActionMask = 2147483647;
			files = (
				4FC92C8F20118E070099B786 /* NotificationCenter.framework in Frameworks */,
			);
			runOnlyForDeploymentPostprocessing = 0;
		};
/* End PBXFrameworksBuildPhase section */

/* Begin PBXGroup section */
		2CF58AA2160FC3C180378C45 /* Pods */ = {
			isa = PBXGroup;
			children = (
				D8AF6436780AB77E756B03BF /* Pods-CommuteRecorder.debug.xcconfig */,
				ADD94856099D33FC1A4A216E /* Pods-CommuteRecorder.release.xcconfig */,
				3243FE2E269F859812CE440C /* Pods-CommuteRecorderTests.debug.xcconfig */,
				60D9229B19B8EE6CE25D5FEA /* Pods-CommuteRecorderTests.release.xcconfig */,
				57B13017978B7199AAFD27AE /* Pods-CommuteRecorderUITests.debug.xcconfig */,
				630F113DD14B722D4F6E7DB4 /* Pods-CommuteRecorderUITests.release.xcconfig */,
			);
			name = Pods;
			sourceTree = "<group>";
		};
		3E23D87C5456F6648ABA1EBE /* Frameworks */ = {
			isa = PBXGroup;
			children = (
				4FC47F1D200F39E800522036 /* Realm.framework */,
				4FC47F1E200F39E800522036 /* RealmSwift.framework */,
				4FC47F1A200F37E300522036 /* CircularSlider.framework */,
				8245B2770023151B142B15DF /* Pods_CommuteRecorder.framework */,
				E14AF65B246FD2EA4CE736EE /* Pods_CommuteRecorderTests.framework */,
				4FBD14784E041FABBBE0D22F /* Pods_CommuteRecorderUITests.framework */,
				4FC92C8E20118E070099B786 /* NotificationCenter.framework */,
			);
			name = Frameworks;
			sourceTree = "<group>";
		};
		4F490EC5200DECDB0035C86E = {
			isa = PBXGroup;
			children = (
				4FD9D1E52019D1E2002B2282 /* Crashlytics.framework */,
				4FD9D1E42019D1E1002B2282 /* Fabric.framework */,
				4F490ED0200DECDB0035C86E /* CommuteRecorder */,
				4F490EE5200DECDB0035C86E /* CommuteRecorderTests */,
				4F490EF0200DECDB0035C86E /* CommuteRecorderUITests */,
				4FC92C9020118E070099B786 /* todayWidget */,
				4F490ECF200DECDB0035C86E /* Products */,
				2CF58AA2160FC3C180378C45 /* Pods */,
				3E23D87C5456F6648ABA1EBE /* Frameworks */,
			);
			sourceTree = "<group>";
		};
		4F490ECF200DECDB0035C86E /* Products */ = {
			isa = PBXGroup;
			children = (
				4F490ECE200DECDB0035C86E /* CommuteRecorder.app */,
				4F490EE2200DECDB0035C86E /* CommuteRecorderTests.xctest */,
				4F490EED200DECDB0035C86E /* CommuteRecorderUITests.xctest */,
				4FC92C8D20118E070099B786 /* todayWidget.appex */,
			);
			name = Products;
			sourceTree = "<group>";
		};
		4F490ED0200DECDB0035C86E /* CommuteRecorder */ = {
			isa = PBXGroup;
			children = (
				4FF114CE2011B26F006AEF0F /* CommuteRecorder.entitlements */,
				4F490ED1200DECDB0035C86E /* AppDelegate.swift */,
				4F490ED3200DECDB0035C86E /* ViewController.swift */,
				4F490ED5200DECDB0035C86E /* Main.storyboard */,
				4F490ED8200DECDB0035C86E /* Assets.xcassets */,
				4F490EDA200DECDB0035C86E /* LaunchScreen.storyboard */,
				4F490EDD200DECDB0035C86E /* Info.plist */,
				B426B4932016384E004DA277 /* WorkingTimeCheckViewController.swift */,
				B426B4942016384E004DA277 /* WorkingTimeCheckViewController.xib */,
				4FA5404F2016E3CB00B5A289 /* WorkingDataManage.swift */,
				4FA540512016E65000B5A289 /* Util.swift */,
				4F198C652019DA230092234C /* GoogleService-Info.plist */,
			);
			path = CommuteRecorder;
			sourceTree = "<group>";
		};
		4F490EE5200DECDB0035C86E /* CommuteRecorderTests */ = {
			isa = PBXGroup;
			children = (
				4F490EE6200DECDB0035C86E /* CommuteRecorderTests.swift */,
				4F490EE8200DECDB0035C86E /* Info.plist */,
			);
			path = CommuteRecorderTests;
			sourceTree = "<group>";
		};
		4F490EF0200DECDB0035C86E /* CommuteRecorderUITests */ = {
			isa = PBXGroup;
			children = (
				4F490EF1200DECDB0035C86E /* CommuteRecorderUITests.swift */,
				4F490EF3200DECDB0035C86E /* Info.plist */,
			);
			path = CommuteRecorderUITests;
			sourceTree = "<group>";
		};
		4FC92C9020118E070099B786 /* todayWidget */ = {
			isa = PBXGroup;
			children = (
				4FF114CF2011B2AD006AEF0F /* todayWidget.entitlements */,
				4FC92C9120118E070099B786 /* TodayViewController.swift */,
				4FC92C9320118E070099B786 /* MainInterface.storyboard */,
				4FC92C9620118E070099B786 /* Info.plist */,
			);
			path = todayWidget;
			sourceTree = "<group>";
		};
/* End PBXGroup section */

/* Begin PBXNativeTarget section */
		4F490ECD200DECDB0035C86E /* CommuteRecorder */ = {
			isa = PBXNativeTarget;
			buildConfigurationList = 4F490EF6200DECDB0035C86E /* Build configuration list for PBXNativeTarget "CommuteRecorder" */;
			buildPhases = (
				77F9DB41BF305997BB4E162F /* [CP] Check Pods Manifest.lock */,
				4F490ECA200DECDB0035C86E /* Sources */,
				4F490ECB200DECDB0035C86E /* Frameworks */,
				4F490ECC200DECDB0035C86E /* Resources */,
				149CAC25196CCAC6EC88E8F4 /* [CP] Embed Pods Frameworks */,
				F5A46F730072DBC250D20D97 /* [CP] Copy Pods Resources */,
				4FC92C9D20118E070099B786 /* Embed App Extensions */,
				4F18396D2015D9B200334BA0 /* ShellScript */,
			);
			buildRules = (
			);
			dependencies = (
				4FC92C9820118E070099B786 /* PBXTargetDependency */,
			);
			name = CommuteRecorder;
			productName = CommuteRecorder;
			productReference = 4F490ECE200DECDB0035C86E /* CommuteRecorder.app */;
			productType = "com.apple.product-type.application";
		};
		4F490EE1200DECDB0035C86E /* CommuteRecorderTests */ = {
			isa = PBXNativeTarget;
			buildConfigurationList = 4F490EF9200DECDB0035C86E /* Build configuration list for PBXNativeTarget "CommuteRecorderTests" */;
			buildPhases = (
				D61104AA285B180A4C14DF2B /* [CP] Check Pods Manifest.lock */,
				4F490EDE200DECDB0035C86E /* Sources */,
				4F490EDF200DECDB0035C86E /* Frameworks */,
				4F490EE0200DECDB0035C86E /* Resources */,
				9286EB8AD39CA658D6EF243D /* [CP] Embed Pods Frameworks */,
				8E635DA009DA44B76DD947E3 /* [CP] Copy Pods Resources */,
			);
			buildRules = (
			);
			dependencies = (
				4F490EE4200DECDB0035C86E /* PBXTargetDependency */,
			);
			name = CommuteRecorderTests;
			productName = CommuteRecorderTests;
			productReference = 4F490EE2200DECDB0035C86E /* CommuteRecorderTests.xctest */;
			productType = "com.apple.product-type.bundle.unit-test";
		};
		4F490EEC200DECDB0035C86E /* CommuteRecorderUITests */ = {
			isa = PBXNativeTarget;
			buildConfigurationList = 4F490EFC200DECDB0035C86E /* Build configuration list for PBXNativeTarget "CommuteRecorderUITests" */;
			buildPhases = (
				E4926AAA0F6ADBCAA47A8D58 /* [CP] Check Pods Manifest.lock */,
				4F490EE9200DECDB0035C86E /* Sources */,
				4F490EEA200DECDB0035C86E /* Frameworks */,
				4F490EEB200DECDB0035C86E /* Resources */,
				DB65E9F8A3AEBED51A3616B4 /* [CP] Embed Pods Frameworks */,
				2C01C0D0B2D01B33B4393C7E /* [CP] Copy Pods Resources */,
			);
			buildRules = (
			);
			dependencies = (
				4F490EEF200DECDB0035C86E /* PBXTargetDependency */,
			);
			name = CommuteRecorderUITests;
			productName = CommuteRecorderUITests;
			productReference = 4F490EED200DECDB0035C86E /* CommuteRecorderUITests.xctest */;
			productType = "com.apple.product-type.bundle.ui-testing";
		};
		4FC92C8C20118E070099B786 /* todayWidget */ = {
			isa = PBXNativeTarget;
			buildConfigurationList = 4FC92C9C20118E070099B786 /* Build configuration list for PBXNativeTarget "todayWidget" */;
			buildPhases = (
				4FC92C8920118E070099B786 /* Sources */,
				4FC92C8A20118E070099B786 /* Frameworks */,
				4FC92C8B20118E070099B786 /* Resources */,
				4F18396C2015D98800334BA0 /* ShellScript */,
			);
			buildRules = (
			);
			dependencies = (
			);
			name = todayWidget;
			productName = todayWidget;
			productReference = 4FC92C8D20118E070099B786 /* todayWidget.appex */;
			productType = "com.apple.product-type.app-extension";
		};
/* End PBXNativeTarget section */

/* Begin PBXProject section */
		4F490EC6200DECDB0035C86E /* Project object */ = {
			isa = PBXProject;
			attributes = {
				LastSwiftUpdateCheck = 0920;
				LastUpgradeCheck = 0920;
				ORGANIZATIONNAME = maro;
				TargetAttributes = {
					4F490ECD200DECDB0035C86E = {
						CreatedOnToolsVersion = 9.2;
						ProvisioningStyle = Automatic;
						SystemCapabilities = {
							com.apple.ApplicationGroups.iOS = {
								enabled = 1;
							};
						};
					};
					4F490EE1200DECDB0035C86E = {
						CreatedOnToolsVersion = 9.2;
						ProvisioningStyle = Automatic;
						TestTargetID = 4F490ECD200DECDB0035C86E;
					};
					4F490EEC200DECDB0035C86E = {
						CreatedOnToolsVersion = 9.2;
						ProvisioningStyle = Automatic;
						TestTargetID = 4F490ECD200DECDB0035C86E;
					};
					4FC92C8C20118E070099B786 = {
						CreatedOnToolsVersion = 9.2;
						ProvisioningStyle = Automatic;
						SystemCapabilities = {
							com.apple.ApplicationGroups.iOS = {
								enabled = 1;
							};
						};
					};
				};
			};
			buildConfigurationList = 4F490EC9200DECDB0035C86E /* Build configuration list for PBXProject "CommuteRecorder" */;
			compatibilityVersion = "Xcode 8.0";
			developmentRegion = en;
			hasScannedForEncodings = 0;
			knownRegions = (
				en,
				Base,
			);
			mainGroup = 4F490EC5200DECDB0035C86E;
			productRefGroup = 4F490ECF200DECDB0035C86E /* Products */;
			projectDirPath = "";
			projectRoot = "";
			targets = (
				4F490ECD200DECDB0035C86E /* CommuteRecorder */,
				4F490EE1200DECDB0035C86E /* CommuteRecorderTests */,
				4F490EEC200DECDB0035C86E /* CommuteRecorderUITests */,
				4FC92C8C20118E070099B786 /* todayWidget */,
			);
		};
/* End PBXProject section */

/* Begin PBXResourcesBuildPhase section */
		4F490ECC200DECDB0035C86E /* Resources */ = {
			isa = PBXResourcesBuildPhase;
			buildActionMask = 2147483647;
			files = (
				B426B4962016384E004DA277 /* WorkingTimeCheckViewController.xib in Resources */,
				4F490EDC200DECDB0035C86E /* LaunchScreen.storyboard in Resources */,
				4F490ED9200DECDB0035C86E /* Assets.xcassets in Resources */,
				4F490ED7200DECDB0035C86E /* Main.storyboard in Resources */,
				4F198C662019DA230092234C /* GoogleService-Info.plist in Resources */,
			);
			runOnlyForDeploymentPostprocessing = 0;
		};
		4F490EE0200DECDB0035C86E /* Resources */ = {
			isa = PBXResourcesBuildPhase;
			buildActionMask = 2147483647;
			files = (
			);
			runOnlyForDeploymentPostprocessing = 0;
		};
		4F490EEB200DECDB0035C86E /* Resources */ = {
			isa = PBXResourcesBuildPhase;
			buildActionMask = 2147483647;
			files = (
			);
			runOnlyForDeploymentPostprocessing = 0;
		};
		4FC92C8B20118E070099B786 /* Resources */ = {
			isa = PBXResourcesBuildPhase;
			buildActionMask = 2147483647;
			files = (
				4FC92C9520118E070099B786 /* MainInterface.storyboard in Resources */,
			);
			runOnlyForDeploymentPostprocessing = 0;
		};
/* End PBXResourcesBuildPhase section */

/* Begin PBXShellScriptBuildPhase section */
		149CAC25196CCAC6EC88E8F4 /* [CP] Embed Pods Frameworks */ = {
			isa = PBXShellScriptBuildPhase;
			buildActionMask = 2147483647;
			files = (
			);
			inputPaths = (
				"${SRCROOT}/Pods/Target Support Files/Pods-CommuteRecorder/Pods-CommuteRecorder-frameworks.sh",
				"${BUILT_PRODUCTS_DIR}/CircularSlider/CircularSlider.framework",
				"${BUILT_PRODUCTS_DIR}/GoogleToolboxForMac/GoogleToolboxForMac.framework",
				"${BUILT_PRODUCTS_DIR}/nanopb/nanopb.framework",
			);
			name = "[CP] Embed Pods Frameworks";
			outputPaths = (
				"${TARGET_BUILD_DIR}/${FRAMEWORKS_FOLDER_PATH}/CircularSlider.framework",
				"${TARGET_BUILD_DIR}/${FRAMEWORKS_FOLDER_PATH}/GoogleToolboxForMac.framework",
				"${TARGET_BUILD_DIR}/${FRAMEWORKS_FOLDER_PATH}/nanopb.framework",
			);
			runOnlyForDeploymentPostprocessing = 0;
			shellPath = /bin/sh;
			shellScript = "\"${SRCROOT}/Pods/Target Support Files/Pods-CommuteRecorder/Pods-CommuteRecorder-frameworks.sh\"\n";
			showEnvVarsInLog = 0;
		};
		2C01C0D0B2D01B33B4393C7E /* [CP] Copy Pods Resources */ = {
			isa = PBXShellScriptBuildPhase;
			buildActionMask = 2147483647;
			files = (
			);
			inputPaths = (
			);
			name = "[CP] Copy Pods Resources";
			outputPaths = (
			);
			runOnlyForDeploymentPostprocessing = 0;
			shellPath = /bin/sh;
			shellScript = "\"${SRCROOT}/Pods/Target Support Files/Pods-CommuteRecorderUITests/Pods-CommuteRecorderUITests-resources.sh\"\n";
			showEnvVarsInLog = 0;
		};
		4F18396C2015D98800334BA0 /* ShellScript */ = {
			isa = PBXShellScriptBuildPhase;
			buildActionMask = 2147483647;
			files = (
			);
			inputPaths = (
			);
			outputPaths = (
			);
			runOnlyForDeploymentPostprocessing = 0;
			shellPath = /bin/sh;
			shellScript = "xattr -cr ~/Library/Developer/Xcode/DerivedData || echo Clear";
		};
		4F18396D2015D9B200334BA0 /* ShellScript */ = {
			isa = PBXShellScriptBuildPhase;
			buildActionMask = 2147483647;
			files = (
			);
			inputPaths = (
			);
			outputPaths = (
			);
			runOnlyForDeploymentPostprocessing = 0;
			shellPath = /bin/sh;
			shellScript = "xattr -cr ~/Library/Developer/Xcode/DerivedData || echo Clear\n";
		};
		77F9DB41BF305997BB4E162F /* [CP] Check Pods Manifest.lock */ = {
			isa = PBXShellScriptBuildPhase;
			buildActionMask = 2147483647;
			files = (
			);
			inputPaths = (
				"${PODS_PODFILE_DIR_PATH}/Podfile.lock",
				"${PODS_ROOT}/Manifest.lock",
			);
			name = "[CP] Check Pods Manifest.lock";
			outputPaths = (
				"$(DERIVED_FILE_DIR)/Pods-CommuteRecorder-checkManifestLockResult.txt",
			);
			runOnlyForDeploymentPostprocessing = 0;
			shellPath = /bin/sh;
			shellScript = "diff \"${PODS_PODFILE_DIR_PATH}/Podfile.lock\" \"${PODS_ROOT}/Manifest.lock\" > /dev/null\nif [ $? != 0 ] ; then\n    # print error to STDERR\n    echo \"error: The sandbox is not in sync with the Podfile.lock. Run 'pod install' or update your CocoaPods installation.\" >&2\n    exit 1\nfi\n# This output is used by Xcode 'outputs' to avoid re-running this script phase.\necho \"SUCCESS\" > \"${SCRIPT_OUTPUT_FILE_0}\"\n";
			showEnvVarsInLog = 0;
		};
		8E635DA009DA44B76DD947E3 /* [CP] Copy Pods Resources */ = {
			isa = PBXShellScriptBuildPhase;
			buildActionMask = 2147483647;
			files = (
			);
			inputPaths = (
			);
			name = "[CP] Copy Pods Resources";
			outputPaths = (
			);
			runOnlyForDeploymentPostprocessing = 0;
			shellPath = /bin/sh;
			shellScript = "\"${SRCROOT}/Pods/Target Support Files/Pods-CommuteRecorderTests/Pods-CommuteRecorderTests-resources.sh\"\n";
			showEnvVarsInLog = 0;
		};
		9286EB8AD39CA658D6EF243D /* [CP] Embed Pods Frameworks */ = {
			isa = PBXShellScriptBuildPhase;
			buildActionMask = 2147483647;
			files = (
			);
			inputPaths = (
			);
			name = "[CP] Embed Pods Frameworks";
			outputPaths = (
			);
			runOnlyForDeploymentPostprocessing = 0;
			shellPath = /bin/sh;
			shellScript = "\"${SRCROOT}/Pods/Target Support Files/Pods-CommuteRecorderTests/Pods-CommuteRecorderTests-frameworks.sh\"\n";
			showEnvVarsInLog = 0;
		};
		D61104AA285B180A4C14DF2B /* [CP] Check Pods Manifest.lock */ = {
			isa = PBXShellScriptBuildPhase;
			buildActionMask = 2147483647;
			files = (
			);
			inputPaths = (
				"${PODS_PODFILE_DIR_PATH}/Podfile.lock",
				"${PODS_ROOT}/Manifest.lock",
			);
			name = "[CP] Check Pods Manifest.lock";
			outputPaths = (
				"$(DERIVED_FILE_DIR)/Pods-CommuteRecorderTests-checkManifestLockResult.txt",
			);
			runOnlyForDeploymentPostprocessing = 0;
			shellPath = /bin/sh;
			shellScript = "diff \"${PODS_PODFILE_DIR_PATH}/Podfile.lock\" \"${PODS_ROOT}/Manifest.lock\" > /dev/null\nif [ $? != 0 ] ; then\n    # print error to STDERR\n    echo \"error: The sandbox is not in sync with the Podfile.lock. Run 'pod install' or update your CocoaPods installation.\" >&2\n    exit 1\nfi\n# This output is used by Xcode 'outputs' to avoid re-running this script phase.\necho \"SUCCESS\" > \"${SCRIPT_OUTPUT_FILE_0}\"\n";
			showEnvVarsInLog = 0;
		};
		DB65E9F8A3AEBED51A3616B4 /* [CP] Embed Pods Frameworks */ = {
			isa = PBXShellScriptBuildPhase;
			buildActionMask = 2147483647;
			files = (
			);
			inputPaths = (
			);
			name = "[CP] Embed Pods Frameworks";
			outputPaths = (
			);
			runOnlyForDeploymentPostprocessing = 0;
			shellPath = /bin/sh;
			shellScript = "\"${SRCROOT}/Pods/Target Support Files/Pods-CommuteRecorderUITests/Pods-CommuteRecorderUITests-frameworks.sh\"\n";
			showEnvVarsInLog = 0;
		};
		E4926AAA0F6ADBCAA47A8D58 /* [CP] Check Pods Manifest.lock */ = {
			isa = PBXShellScriptBuildPhase;
			buildActionMask = 2147483647;
			files = (
			);
			inputPaths = (
				"${PODS_PODFILE_DIR_PATH}/Podfile.lock",
				"${PODS_ROOT}/Manifest.lock",
			);
			name = "[CP] Check Pods Manifest.lock";
			outputPaths = (
				"$(DERIVED_FILE_DIR)/Pods-CommuteRecorderUITests-checkManifestLockResult.txt",
			);
			runOnlyForDeploymentPostprocessing = 0;
			shellPath = /bin/sh;
			shellScript = "diff \"${PODS_PODFILE_DIR_PATH}/Podfile.lock\" \"${PODS_ROOT}/Manifest.lock\" > /dev/null\nif [ $? != 0 ] ; then\n    # print error to STDERR\n    echo \"error: The sandbox is not in sync with the Podfile.lock. Run 'pod install' or update your CocoaPods installation.\" >&2\n    exit 1\nfi\n# This output is used by Xcode 'outputs' to avoid re-running this script phase.\necho \"SUCCESS\" > \"${SCRIPT_OUTPUT_FILE_0}\"\n";
			showEnvVarsInLog = 0;
		};
		F5A46F730072DBC250D20D97 /* [CP] Copy Pods Resources */ = {
			isa = PBXShellScriptBuildPhase;
			buildActionMask = 2147483647;
			files = (
			);
			inputPaths = (
			);
			name = "[CP] Copy Pods Resources";
			outputPaths = (
			);
			runOnlyForDeploymentPostprocessing = 0;
			shellPath = /bin/sh;
			shellScript = "\"${SRCROOT}/Pods/Target Support Files/Pods-CommuteRecorder/Pods-CommuteRecorder-resources.sh\"\n";
			showEnvVarsInLog = 0;
		};
/* End PBXShellScriptBuildPhase section */

/* Begin PBXSourcesBuildPhase section */
		4F490ECA200DECDB0035C86E /* Sources */ = {
			isa = PBXSourcesBuildPhase;
			buildActionMask = 2147483647;
			files = (
				4F490ED4200DECDB0035C86E /* ViewController.swift in Sources */,
				B426B4952016384E004DA277 /* WorkingTimeCheckViewController.swift in Sources */,
				4FA540522016E65000B5A289 /* Util.swift in Sources */,
				4FA540502016E3CB00B5A289 /* WorkingDataManage.swift in Sources */,
				4F490ED2200DECDB0035C86E /* AppDelegate.swift in Sources */,
			);
			runOnlyForDeploymentPostprocessing = 0;
		};
		4F490EDE200DECDB0035C86E /* Sources */ = {
			isa = PBXSourcesBuildPhase;
			buildActionMask = 2147483647;
			files = (
				4F490EE7200DECDB0035C86E /* CommuteRecorderTests.swift in Sources */,
			);
			runOnlyForDeploymentPostprocessing = 0;
		};
		4F490EE9200DECDB0035C86E /* Sources */ = {
			isa = PBXSourcesBuildPhase;
			buildActionMask = 2147483647;
			files = (
				4F490EF2200DECDB0035C86E /* CommuteRecorderUITests.swift in Sources */,
			);
			runOnlyForDeploymentPostprocessing = 0;
		};
		4FC92C8920118E070099B786 /* Sources */ = {
			isa = PBXSourcesBuildPhase;
			buildActionMask = 2147483647;
			files = (
				4FC92C9220118E070099B786 /* TodayViewController.swift in Sources */,
			);
			runOnlyForDeploymentPostprocessing = 0;
		};
/* End PBXSourcesBuildPhase section */

/* Begin PBXTargetDependency section */
		4F490EE4200DECDB0035C86E /* PBXTargetDependency */ = {
			isa = PBXTargetDependency;
			target = 4F490ECD200DECDB0035C86E /* CommuteRecorder */;
			targetProxy = 4F490EE3200DECDB0035C86E /* PBXContainerItemProxy */;
		};
		4F490EEF200DECDB0035C86E /* PBXTargetDependency */ = {
			isa = PBXTargetDependency;
			target = 4F490ECD200DECDB0035C86E /* CommuteRecorder */;
			targetProxy = 4F490EEE200DECDB0035C86E /* PBXContainerItemProxy */;
		};
		4FC92C9820118E070099B786 /* PBXTargetDependency */ = {
			isa = PBXTargetDependency;
			target = 4FC92C8C20118E070099B786 /* todayWidget */;
			targetProxy = 4FC92C9720118E070099B786 /* PBXContainerItemProxy */;
		};
/* End PBXTargetDependency section */

/* Begin PBXVariantGroup section */
		4F490ED5200DECDB0035C86E /* Main.storyboard */ = {
			isa = PBXVariantGroup;
			children = (
				4F490ED6200DECDB0035C86E /* Base */,
			);
			name = Main.storyboard;
			sourceTree = "<group>";
		};
		4F490EDA200DECDB0035C86E /* LaunchScreen.storyboard */ = {
			isa = PBXVariantGroup;
			children = (
				4F490EDB200DECDB0035C86E /* Base */,
			);
			name = LaunchScreen.storyboard;
			sourceTree = "<group>";
		};
		4FC92C9320118E070099B786 /* MainInterface.storyboard */ = {
			isa = PBXVariantGroup;
			children = (
				4FC92C9420118E070099B786 /* Base */,
			);
			name = MainInterface.storyboard;
			sourceTree = "<group>";
		};
/* End PBXVariantGroup section */

/* Begin XCBuildConfiguration section */
		4F490EF4200DECDB0035C86E /* Debug */ = {
			isa = XCBuildConfiguration;
			buildSettings = {
				ALWAYS_SEARCH_USER_PATHS = NO;
				CLANG_ANALYZER_NONNULL = YES;
				CLANG_ANALYZER_NUMBER_OBJECT_CONVERSION = YES_AGGRESSIVE;
				CLANG_CXX_LANGUAGE_STANDARD = "gnu++14";
				CLANG_CXX_LIBRARY = "libc++";
				CLANG_ENABLE_MODULES = YES;
				CLANG_ENABLE_OBJC_ARC = YES;
				CLANG_WARN_BLOCK_CAPTURE_AUTORELEASING = YES;
				CLANG_WARN_BOOL_CONVERSION = YES;
				CLANG_WARN_COMMA = YES;
				CLANG_WARN_CONSTANT_CONVERSION = YES;
				CLANG_WARN_DIRECT_OBJC_ISA_USAGE = YES_ERROR;
				CLANG_WARN_DOCUMENTATION_COMMENTS = YES;
				CLANG_WARN_EMPTY_BODY = YES;
				CLANG_WARN_ENUM_CONVERSION = YES;
				CLANG_WARN_INFINITE_RECURSION = YES;
				CLANG_WARN_INT_CONVERSION = YES;
				CLANG_WARN_NON_LITERAL_NULL_CONVERSION = YES;
				CLANG_WARN_OBJC_LITERAL_CONVERSION = YES;
				CLANG_WARN_OBJC_ROOT_CLASS = YES_ERROR;
				CLANG_WARN_RANGE_LOOP_ANALYSIS = YES;
				CLANG_WARN_STRICT_PROTOTYPES = YES;
				CLANG_WARN_SUSPICIOUS_MOVE = YES;
				CLANG_WARN_UNGUARDED_AVAILABILITY = YES_AGGRESSIVE;
				CLANG_WARN_UNREACHABLE_CODE = YES;
				CLANG_WARN__DUPLICATE_METHOD_MATCH = YES;
				CODE_SIGN_IDENTITY = "iPhone Developer";
				COPY_PHASE_STRIP = NO;
				DEBUG_INFORMATION_FORMAT = dwarf;
				DEVELOPMENT_TEAM = 4282VJNTJ4;
				ENABLE_STRICT_OBJC_MSGSEND = YES;
				ENABLE_TESTABILITY = YES;
				GCC_C_LANGUAGE_STANDARD = gnu11;
				GCC_DYNAMIC_NO_PIC = NO;
				GCC_NO_COMMON_BLOCKS = YES;
				GCC_OPTIMIZATION_LEVEL = 0;
				GCC_PREPROCESSOR_DEFINITIONS = (
					"DEBUG=1",
					"$(inherited)",
				);
				GCC_WARN_64_TO_32_BIT_CONVERSION = YES;
				GCC_WARN_ABOUT_RETURN_TYPE = YES_ERROR;
				GCC_WARN_UNDECLARED_SELECTOR = YES;
				GCC_WARN_UNINITIALIZED_AUTOS = YES_AGGRESSIVE;
				GCC_WARN_UNUSED_FUNCTION = YES;
				GCC_WARN_UNUSED_VARIABLE = YES;
				IPHONEOS_DEPLOYMENT_TARGET = 10.0;
				MTL_ENABLE_DEBUG_INFO = YES;
				ONLY_ACTIVE_ARCH = YES;
				SDKROOT = iphoneos;
				SWIFT_ACTIVE_COMPILATION_CONDITIONS = DEBUG;
				SWIFT_OPTIMIZATION_LEVEL = "-Onone";
			};
			name = Debug;
		};
		4F490EF5200DECDB0035C86E /* Release */ = {
			isa = XCBuildConfiguration;
			buildSettings = {
				ALWAYS_SEARCH_USER_PATHS = NO;
				CLANG_ANALYZER_NONNULL = YES;
				CLANG_ANALYZER_NUMBER_OBJECT_CONVERSION = YES_AGGRESSIVE;
				CLANG_CXX_LANGUAGE_STANDARD = "gnu++14";
				CLANG_CXX_LIBRARY = "libc++";
				CLANG_ENABLE_MODULES = YES;
				CLANG_ENABLE_OBJC_ARC = YES;
				CLANG_WARN_BLOCK_CAPTURE_AUTORELEASING = YES;
				CLANG_WARN_BOOL_CONVERSION = YES;
				CLANG_WARN_COMMA = YES;
				CLANG_WARN_CONSTANT_CONVERSION = YES;
				CLANG_WARN_DIRECT_OBJC_ISA_USAGE = YES_ERROR;
				CLANG_WARN_DOCUMENTATION_COMMENTS = YES;
				CLANG_WARN_EMPTY_BODY = YES;
				CLANG_WARN_ENUM_CONVERSION = YES;
				CLANG_WARN_INFINITE_RECURSION = YES;
				CLANG_WARN_INT_CONVERSION = YES;
				CLANG_WARN_NON_LITERAL_NULL_CONVERSION = YES;
				CLANG_WARN_OBJC_LITERAL_CONVERSION = YES;
				CLANG_WARN_OBJC_ROOT_CLASS = YES_ERROR;
				CLANG_WARN_RANGE_LOOP_ANALYSIS = YES;
				CLANG_WARN_STRICT_PROTOTYPES = YES;
				CLANG_WARN_SUSPICIOUS_MOVE = YES;
				CLANG_WARN_UNGUARDED_AVAILABILITY = YES_AGGRESSIVE;
				CLANG_WARN_UNREACHABLE_CODE = YES;
				CLANG_WARN__DUPLICATE_METHOD_MATCH = YES;
				CODE_SIGN_IDENTITY = "iPhone Developer";
				COPY_PHASE_STRIP = NO;
				DEBUG_INFORMATION_FORMAT = "dwarf-with-dsym";
				DEVELOPMENT_TEAM = 4282VJNTJ4;
				ENABLE_NS_ASSERTIONS = NO;
				ENABLE_STRICT_OBJC_MSGSEND = YES;
				GCC_C_LANGUAGE_STANDARD = gnu11;
				GCC_NO_COMMON_BLOCKS = YES;
				GCC_WARN_64_TO_32_BIT_CONVERSION = YES;
				GCC_WARN_ABOUT_RETURN_TYPE = YES_ERROR;
				GCC_WARN_UNDECLARED_SELECTOR = YES;
				GCC_WARN_UNINITIALIZED_AUTOS = YES_AGGRESSIVE;
				GCC_WARN_UNUSED_FUNCTION = YES;
				GCC_WARN_UNUSED_VARIABLE = YES;
				IPHONEOS_DEPLOYMENT_TARGET = 10.0;
				MTL_ENABLE_DEBUG_INFO = NO;
				SDKROOT = iphoneos;
				SWIFT_OPTIMIZATION_LEVEL = "-Owholemodule";
				VALIDATE_PRODUCT = YES;
			};
			name = Release;
		};
		4F490EF7200DECDB0035C86E /* Debug */ = {
			isa = XCBuildConfiguration;
			baseConfigurationReference = D8AF6436780AB77E756B03BF /* Pods-CommuteRecorder.debug.xcconfig */;
			buildSettings = {
				ALWAYS_EMBED_SWIFT_STANDARD_LIBRARIES = YES;
				ASSETCATALOG_COMPILER_APPICON_NAME = AppIcon;
				CODE_SIGN_ENTITLEMENTS = CommuteRecorder/CommuteRecorder.entitlements;
				"CODE_SIGN_IDENTITY[sdk=iphoneos*]" = "iPhone Developer";
				CODE_SIGN_STYLE = Automatic;
				DEVELOPMENT_TEAM = 4282VJNTJ4;
				FRAMEWORK_SEARCH_PATHS = (
					"$(inherited)",
					"$(PROJECT_DIR)",
				);
				INFOPLIST_FILE = CommuteRecorder/Info.plist;
				IPHONEOS_DEPLOYMENT_TARGET = 10.0;
				LD_RUNPATH_SEARCH_PATHS = "$(inherited) @executable_path/Frameworks";
				PRODUCT_BUNDLE_IDENTIFIER = com.maro.CommuteRecorder;
				PRODUCT_NAME = "$(TARGET_NAME)";
				PROVISIONING_PROFILE = "";
				PROVISIONING_PROFILE_SPECIFIER = "";
				SWIFT_VERSION = 3.0;
				TARGETED_DEVICE_FAMILY = 1;
			};
			name = Debug;
		};
		4F490EF8200DECDB0035C86E /* Release */ = {
			isa = XCBuildConfiguration;
			baseConfigurationReference = ADD94856099D33FC1A4A216E /* Pods-CommuteRecorder.release.xcconfig */;
			buildSettings = {
				ALWAYS_EMBED_SWIFT_STANDARD_LIBRARIES = YES;
				ASSETCATALOG_COMPILER_APPICON_NAME = AppIcon;
				CODE_SIGN_ENTITLEMENTS = CommuteRecorder/CommuteRecorder.entitlements;
				"CODE_SIGN_IDENTITY[sdk=iphoneos*]" = "iPhone Developer";
				CODE_SIGN_STYLE = Automatic;
				DEVELOPMENT_TEAM = 4282VJNTJ4;
				FRAMEWORK_SEARCH_PATHS = (
					"$(inherited)",
					"$(PROJECT_DIR)",
				);
				INFOPLIST_FILE = CommuteRecorder/Info.plist;
				IPHONEOS_DEPLOYMENT_TARGET = 10.0;
				LD_RUNPATH_SEARCH_PATHS = "$(inherited) @executable_path/Frameworks";
				PRODUCT_BUNDLE_IDENTIFIER = com.maro.CommuteRecorder;
				PRODUCT_NAME = "$(TARGET_NAME)";
				PROVISIONING_PROFILE = "";
				PROVISIONING_PROFILE_SPECIFIER = "";
				SWIFT_VERSION = 3.0;
				TARGETED_DEVICE_FAMILY = 1;
			};
			name = Release;
		};
		4F490EFA200DECDB0035C86E /* Debug */ = {
			isa = XCBuildConfiguration;
			baseConfigurationReference = 3243FE2E269F859812CE440C /* Pods-CommuteRecorderTests.debug.xcconfig */;
			buildSettings = {
				ALWAYS_EMBED_SWIFT_STANDARD_LIBRARIES = YES;
				BUNDLE_LOADER = "$(TEST_HOST)";
				CODE_SIGN_STYLE = Automatic;
				DEVELOPMENT_TEAM = 4282VJNTJ4;
				INFOPLIST_FILE = CommuteRecorderTests/Info.plist;
				LD_RUNPATH_SEARCH_PATHS = "$(inherited) @executable_path/Frameworks @loader_path/Frameworks";
				PRODUCT_BUNDLE_IDENTIFIER = com.maro.CommuteRecorderTests;
				PRODUCT_NAME = "$(TARGET_NAME)";
				SWIFT_VERSION = 4.0;
				TARGETED_DEVICE_FAMILY = "1,2";
				TEST_HOST = "$(BUILT_PRODUCTS_DIR)/CommuteRecorder.app/CommuteRecorder";
			};
			name = Debug;
		};
		4F490EFB200DECDB0035C86E /* Release */ = {
			isa = XCBuildConfiguration;
			baseConfigurationReference = 60D9229B19B8EE6CE25D5FEA /* Pods-CommuteRecorderTests.release.xcconfig */;
			buildSettings = {
				ALWAYS_EMBED_SWIFT_STANDARD_LIBRARIES = YES;
				BUNDLE_LOADER = "$(TEST_HOST)";
				CODE_SIGN_STYLE = Automatic;
				DEVELOPMENT_TEAM = 4282VJNTJ4;
				INFOPLIST_FILE = CommuteRecorderTests/Info.plist;
				LD_RUNPATH_SEARCH_PATHS = "$(inherited) @executable_path/Frameworks @loader_path/Frameworks";
				PRODUCT_BUNDLE_IDENTIFIER = com.maro.CommuteRecorderTests;
				PRODUCT_NAME = "$(TARGET_NAME)";
				SWIFT_VERSION = 4.0;
				TARGETED_DEVICE_FAMILY = "1,2";
				TEST_HOST = "$(BUILT_PRODUCTS_DIR)/CommuteRecorder.app/CommuteRecorder";
			};
			name = Release;
		};
		4F490EFD200DECDB0035C86E /* Debug */ = {
			isa = XCBuildConfiguration;
			baseConfigurationReference = 57B13017978B7199AAFD27AE /* Pods-CommuteRecorderUITests.debug.xcconfig */;
			buildSettings = {
				ALWAYS_EMBED_SWIFT_STANDARD_LIBRARIES = YES;
				CODE_SIGN_STYLE = Automatic;
				DEVELOPMENT_TEAM = 4282VJNTJ4;
				INFOPLIST_FILE = CommuteRecorderUITests/Info.plist;
				LD_RUNPATH_SEARCH_PATHS = "$(inherited) @executable_path/Frameworks @loader_path/Frameworks";
				PRODUCT_BUNDLE_IDENTIFIER = com.maro.CommuteRecorderUITests;
				PRODUCT_NAME = "$(TARGET_NAME)";
				SWIFT_VERSION = 4.0;
				TARGETED_DEVICE_FAMILY = "1,2";
				TEST_TARGET_NAME = CommuteRecorder;
			};
			name = Debug;
		};
		4F490EFE200DECDB0035C86E /* Release */ = {
			isa = XCBuildConfiguration;
			baseConfigurationReference = 630F113DD14B722D4F6E7DB4 /* Pods-CommuteRecorderUITests.release.xcconfig */;
			buildSettings = {
				ALWAYS_EMBED_SWIFT_STANDARD_LIBRARIES = YES;
				CODE_SIGN_STYLE = Automatic;
				DEVELOPMENT_TEAM = 4282VJNTJ4;
				INFOPLIST_FILE = CommuteRecorderUITests/Info.plist;
				LD_RUNPATH_SEARCH_PATHS = "$(inherited) @executable_path/Frameworks @loader_path/Frameworks";
				PRODUCT_BUNDLE_IDENTIFIER = com.maro.CommuteRecorderUITests;
				PRODUCT_NAME = "$(TARGET_NAME)";
				SWIFT_VERSION = 4.0;
				TARGETED_DEVICE_FAMILY = "1,2";
				TEST_TARGET_NAME = CommuteRecorder;
			};
			name = Release;
		};
		4FC92C9A20118E070099B786 /* Debug */ = {
			isa = XCBuildConfiguration;
			buildSettings = {
				CODE_SIGN_ENTITLEMENTS = todayWidget/todayWidget.entitlements;
				"CODE_SIGN_IDENTITY[sdk=iphoneos*]" = "iPhone Developer";
				CODE_SIGN_STYLE = Automatic;
				DEVELOPMENT_TEAM = 4282VJNTJ4;
				INFOPLIST_FILE = todayWidget/Info.plist;
				IPHONEOS_DEPLOYMENT_TARGET = 10.0;
				LD_RUNPATH_SEARCH_PATHS = "$(inherited) @executable_path/Frameworks @executable_path/../../Frameworks";
				PRODUCT_BUNDLE_IDENTIFIER = com.maro.CommuteRecorder.todayWidget;
				PRODUCT_NAME = "$(TARGET_NAME)";
				PROVISIONING_PROFILE = "";
				PROVISIONING_PROFILE_SPECIFIER = "";
				SKIP_INSTALL = YES;
				SWIFT_VERSION = 3.0;
				TARGETED_DEVICE_FAMILY = 1;
			};
			name = Debug;
		};
		4FC92C9B20118E070099B786 /* Release */ = {
			isa = XCBuildConfiguration;
			buildSettings = {
				CODE_SIGN_ENTITLEMENTS = todayWidget/todayWidget.entitlements;
				"CODE_SIGN_IDENTITY[sdk=iphoneos*]" = "iPhone Developer";
				CODE_SIGN_STYLE = Automatic;
				DEVELOPMENT_TEAM = 4282VJNTJ4;
				INFOPLIST_FILE = todayWidget/Info.plist;
				IPHONEOS_DEPLOYMENT_TARGET = 10.0;
				LD_RUNPATH_SEARCH_PATHS = "$(inherited) @executable_path/Frameworks @executable_path/../../Frameworks";
				PRODUCT_BUNDLE_IDENTIFIER = com.maro.CommuteRecorder.todayWidget;
				PRODUCT_NAME = "$(TARGET_NAME)";
				PROVISIONING_PROFILE = "";
				PROVISIONING_PROFILE_SPECIFIER = "";
				SKIP_INSTALL = YES;
				SWIFT_VERSION = 3.0;
				TARGETED_DEVICE_FAMILY = 1;
			};
			name = Release;
		};
/* End XCBuildConfiguration section */

/* Begin XCConfigurationList section */
		4F490EC9200DECDB0035C86E /* Build configuration list for PBXProject "CommuteRecorder" */ = {
			isa = XCConfigurationList;
			buildConfigurations = (
				4F490EF4200DECDB0035C86E /* Debug */,
				4F490EF5200DECDB0035C86E /* Release */,
			);
			defaultConfigurationIsVisible = 0;
			defaultConfigurationName = Release;
		};
		4F490EF6200DECDB0035C86E /* Build configuration list for PBXNativeTarget "CommuteRecorder" */ = {
			isa = XCConfigurationList;
			buildConfigurations = (
				4F490EF7200DECDB0035C86E /* Debug */,
				4F490EF8200DECDB0035C86E /* Release */,
			);
			defaultConfigurationIsVisible = 0;
			defaultConfigurationName = Release;
		};
		4F490EF9200DECDB0035C86E /* Build configuration list for PBXNativeTarget "CommuteRecorderTests" */ = {
			isa = XCConfigurationList;
			buildConfigurations = (
				4F490EFA200DECDB0035C86E /* Debug */,
				4F490EFB200DECDB0035C86E /* Release */,
			);
			defaultConfigurationIsVisible = 0;
			defaultConfigurationName = Release;
		};
		4F490EFC200DECDB0035C86E /* Build configuration list for PBXNativeTarget "CommuteRecorderUITests" */ = {
			isa = XCConfigurationList;
			buildConfigurations = (
				4F490EFD200DECDB0035C86E /* Debug */,
				4F490EFE200DECDB0035C86E /* Release */,
			);
			defaultConfigurationIsVisible = 0;
			defaultConfigurationName = Release;
		};
		4FC92C9C20118E070099B786 /* Build configuration list for PBXNativeTarget "todayWidget" */ = {
			isa = XCConfigurationList;
			buildConfigurations = (
				4FC92C9A20118E070099B786 /* Debug */,
				4FC92C9B20118E070099B786 /* Release */,
			);
			defaultConfigurationIsVisible = 0;
			defaultConfigurationName = Release;
		};
/* End XCConfigurationList section */
	};
	rootObject = 4F490EC6200DECDB0035C86E /* Project object */;
}
